{
  "name": "kroger-qualitrics",
  "version": "1.0.0",
  "lockfileVersion": 3,
  "requires": true,
  "packages": {
    "": {
      "name": "kroger-qualitrics",
      "version": "1.0.0"
    },
    "client": {
      "name": "kroger-qualitrics-client",
      "version": "0.1.0",
      "extraneous": true,
      "dependencies": {
        "react": "^18.3.1",
        "react-dom": "^18.3.1"
      },
      "devDependencies": {
        "@vitejs/plugin-react": "^4.3.1",
        "vite": "^5.4.1"
      }
    },
    "server": {
      "name": "kroger-qualitrics-server",
      "version": "0.1.0",
      "extraneous": true,
      "dependencies": {
        "cors": "^2.8.5",
        "dotenv": "^16.4.1",
        "express": "^4.18.3"
      },
      "devDependencies": {
        "nodemon": "^3.0.1"
      }
    }
  }
}
